// !$*UTF8*$!
{
	archiveVersion = 1;
	classes = {
	};
	objectVersion = 50;
	objects = {

/* Begin PBXBuildFile section */
		2B3014E7235F312A002AA52F /* AppDelegate.swift in Sources */ = {isa = PBXBuildFile; fileRef = 2B3014E6235F312A002AA52F /* AppDelegate.swift */; };
		2B3014E9235F312A002AA52F /* SceneDelegate.swift in Sources */ = {isa = PBXBuildFile; fileRef = 2B3014E8235F312A002AA52F /* SceneDelegate.swift */; };
		2B3014EB235F312A002AA52F /* ContentView.swift in Sources */ = {isa = PBXBuildFile; fileRef = 2B3014EA235F312A002AA52F /* ContentView.swift */; };
		2B3014ED235F312D002AA52F /* Assets.xcassets in Resources */ = {isa = PBXBuildFile; fileRef = 2B3014EC235F312D002AA52F /* Assets.xcassets */; };
		2B3014F0235F312D002AA52F /* Preview Assets.xcassets in Resources */ = {isa = PBXBuildFile; fileRef = 2B3014EF235F312D002AA52F /* Preview Assets.xcassets */; };
		2B3014F3235F312D002AA52F /* LaunchScreen.storyboard in Resources */ = {isa = PBXBuildFile; fileRef = 2B3014F1235F312D002AA52F /* LaunchScreen.storyboard */; };
		2B3014FE235F312D002AA52F /* ChuckNorrisTests.swift in Sources */ = {isa = PBXBuildFile; fileRef = 2B3014FD235F312D002AA52F /* ChuckNorrisTests.swift */; };
		2B301509235F312D002AA52F /* ChuckNorrisUITests.swift in Sources */ = {isa = PBXBuildFile; fileRef = 2B301508235F312D002AA52F /* ChuckNorrisUITests.swift */; };
		2B301517235F383B002AA52F /* CircleImage.swift in Sources */ = {isa = PBXBuildFile; fileRef = 2B301516235F383B002AA52F /* CircleImage.swift */; };
		2B301519235F3AA1002AA52F /* MapView.swift in Sources */ = {isa = PBXBuildFile; fileRef = 2B301518235F3AA1002AA52F /* MapView.swift */; };
		2B30151B235F4451002AA52F /* categoryData.json in Resources */ = {isa = PBXBuildFile; fileRef = 2B30151A235F4451002AA52F /* categoryData.json */; };
		2B30151E235F4574002AA52F /* CategoryRow.swift in Sources */ = {isa = PBXBuildFile; fileRef = 2B30151D235F4574002AA52F /* CategoryRow.swift */; };
		2B301522235F47FD002AA52F /* Data.swift in Sources */ = {isa = PBXBuildFile; fileRef = 2B301521235F47FD002AA52F /* Data.swift */; };
		2B301526235F4BED002AA52F /* CategoryList.swift in Sources */ = {isa = PBXBuildFile; fileRef = 2B301525235F4BED002AA52F /* CategoryList.swift */; };
		2B301528235F4EA7002AA52F /* Category.swift in Sources */ = {isa = PBXBuildFile; fileRef = 2B301527235F4EA7002AA52F /* Category.swift */; };
/* End PBXBuildFile section */

/* Begin PBXContainerItemProxy section */
		2B3014FA235F312D002AA52F /* PBXContainerItemProxy */ = {
			isa = PBXContainerItemProxy;
			containerPortal = 2B3014DB235F312A002AA52F /* Project object */;
			proxyType = 1;
			remoteGlobalIDString = 2B3014E2235F312A002AA52F;
			remoteInfo = ChuckNorris;
		};
		2B301505235F312D002AA52F /* PBXContainerItemProxy */ = {
			isa = PBXContainerItemProxy;
			containerPortal = 2B3014DB235F312A002AA52F /* Project object */;
			proxyType = 1;
			remoteGlobalIDString = 2B3014E2235F312A002AA52F;
			remoteInfo = ChuckNorris;
		};
/* End PBXContainerItemProxy section */

/* Begin PBXFileReference section */
		2B3014E3235F312A002AA52F /* ChuckNorris.app */ = {isa = PBXFileReference; explicitFileType = wrapper.application; includeInIndex = 0; path = ChuckNorris.app; sourceTree = BUILT_PRODUCTS_DIR; };
		2B3014E6235F312A002AA52F /* AppDelegate.swift */ = {isa = PBXFileReference; lastKnownFileType = sourcecode.swift; path = AppDelegate.swift; sourceTree = "<group>"; };
		2B3014E8235F312A002AA52F /* SceneDelegate.swift */ = {isa = PBXFileReference; lastKnownFileType = sourcecode.swift; path = SceneDelegate.swift; sourceTree = "<group>"; };
		2B3014EA235F312A002AA52F /* ContentView.swift */ = {isa = PBXFileReference; lastKnownFileType = sourcecode.swift; name = ContentView.swift; path = ../ContentView.swift; sourceTree = "<group>"; };
		2B3014EC235F312D002AA52F /* Assets.xcassets */ = {isa = PBXFileReference; lastKnownFileType = folder.assetcatalog; path = Assets.xcassets; sourceTree = "<group>"; };
		2B3014EF235F312D002AA52F /* Preview Assets.xcassets */ = {isa = PBXFileReference; lastKnownFileType = folder.assetcatalog; path = "Preview Assets.xcassets"; sourceTree = "<group>"; };
		2B3014F2235F312D002AA52F /* Base */ = {isa = PBXFileReference; lastKnownFileType = file.storyboard; name = Base; path = Base.lproj/LaunchScreen.storyboard; sourceTree = "<group>"; };
		2B3014F4235F312D002AA52F /* Info.plist */ = {isa = PBXFileReference; lastKnownFileType = text.plist.xml; path = Info.plist; sourceTree = "<group>"; };
		2B3014F9235F312D002AA52F /* ChuckNorrisTests.xctest */ = {isa = PBXFileReference; explicitFileType = wrapper.cfbundle; includeInIndex = 0; path = ChuckNorrisTests.xctest; sourceTree = BUILT_PRODUCTS_DIR; };
		2B3014FD235F312D002AA52F /* ChuckNorrisTests.swift */ = {isa = PBXFileReference; lastKnownFileType = sourcecode.swift; path = ChuckNorrisTests.swift; sourceTree = "<group>"; };
		2B3014FF235F312D002AA52F /* Info.plist */ = {isa = PBXFileReference; lastKnownFileType = text.plist.xml; path = Info.plist; sourceTree = "<group>"; };
		2B301504235F312D002AA52F /* ChuckNorrisUITests.xctest */ = {isa = PBXFileReference; explicitFileType = wrapper.cfbundle; includeInIndex = 0; path = ChuckNorrisUITests.xctest; sourceTree = BUILT_PRODUCTS_DIR; };
		2B301508235F312D002AA52F /* ChuckNorrisUITests.swift */ = {isa = PBXFileReference; lastKnownFileType = sourcecode.swift; path = ChuckNorrisUITests.swift; sourceTree = "<group>"; };
		2B30150A235F312D002AA52F /* Info.plist */ = {isa = PBXFileReference; lastKnownFileType = text.plist.xml; path = Info.plist; sourceTree = "<group>"; };
		2B301516235F383B002AA52F /* CircleImage.swift */ = {isa = PBXFileReference; lastKnownFileType = sourcecode.swift; path = CircleImage.swift; sourceTree = "<group>"; };
		2B301518235F3AA1002AA52F /* MapView.swift */ = {isa = PBXFileReference; lastKnownFileType = sourcecode.swift; path = MapView.swift; sourceTree = "<group>"; };
		2B30151A235F4451002AA52F /* categoryData.json */ = {isa = PBXFileReference; lastKnownFileType = text.json; path = categoryData.json; sourceTree = "<group>"; };
		2B30151D235F4574002AA52F /* CategoryRow.swift */ = {isa = PBXFileReference; lastKnownFileType = sourcecode.swift; path = CategoryRow.swift; sourceTree = "<group>"; };
		2B301521235F47FD002AA52F /* Data.swift */ = {isa = PBXFileReference; fileEncoding = 4; lastKnownFileType = sourcecode.swift; path = Data.swift; sourceTree = "<group>"; };
		2B301525235F4BED002AA52F /* CategoryList.swift */ = {isa = PBXFileReference; lastKnownFileType = sourcecode.swift; path = CategoryList.swift; sourceTree = "<group>"; };
		2B301527235F4EA7002AA52F /* Category.swift */ = {isa = PBXFileReference; lastKnownFileType = sourcecode.swift; path = Category.swift; sourceTree = "<group>"; };
/* End PBXFileReference section */

/* Begin PBXFrameworksBuildPhase section */
		2B3014E0235F312A002AA52F /* Frameworks */ = {
			isa = PBXFrameworksBuildPhase;
			buildActionMask = 2147483647;
			files = (
			);
			runOnlyForDeploymentPostprocessing = 0;
		};
		2B3014F6235F312D002AA52F /* Frameworks */ = {
			isa = PBXFrameworksBuildPhase;
			buildActionMask = 2147483647;
			files = (
			);
			runOnlyForDeploymentPostprocessing = 0;
		};
		2B301501235F312D002AA52F /* Frameworks */ = {
			isa = PBXFrameworksBuildPhase;
			buildActionMask = 2147483647;
			files = (
			);
			runOnlyForDeploymentPostprocessing = 0;
		};
/* End PBXFrameworksBuildPhase section */

/* Begin PBXGroup section */
		2B3014DA235F312A002AA52F = {
			isa = PBXGroup;
			children = (
				2B3014E5235F312A002AA52F /* ChuckNorris */,
				2B3014FC235F312D002AA52F /* ChuckNorrisTests */,
				2B301507235F312D002AA52F /* ChuckNorrisUITests */,
				2B3014E4235F312A002AA52F /* Products */,
			);
			sourceTree = "<group>";
		};
		2B3014E4235F312A002AA52F /* Products */ = {
			isa = PBXGroup;
			children = (
				2B3014E3235F312A002AA52F /* ChuckNorris.app */,
				2B3014F9235F312D002AA52F /* ChuckNorrisTests.xctest */,
				2B301504235F312D002AA52F /* ChuckNorrisUITests.xctest */,
			);
			name = Products;
			sourceTree = "<group>";
		};
		2B3014E5235F312A002AA52F /* ChuckNorris */ = {
			isa = PBXGroup;
			children = (
				2B30151A235F4451002AA52F /* categoryData.json */,
				2B301524235F4809002AA52F /* AppStartup */,
				2B301523235F4800002AA52F /* Model */,
				2B301529235F6723002AA52F /* ListCategory */,
				2B30151C235F4543002AA52F /* FirstView */,
				2B3014EC235F312D002AA52F /* Assets.xcassets */,
				2B3014F1235F312D002AA52F /* LaunchScreen.storyboard */,
				2B3014F4235F312D002AA52F /* Info.plist */,
				2B3014EE235F312D002AA52F /* Preview Content */,
			);
			path = ChuckNorris;
			sourceTree = "<group>";
		};
		2B3014EE235F312D002AA52F /* Preview Content */ = {
			isa = PBXGroup;
			children = (
				2B3014EF235F312D002AA52F /* Preview Assets.xcassets */,
			);
			path = "Preview Content";
			sourceTree = "<group>";
		};
		2B3014FC235F312D002AA52F /* ChuckNorrisTests */ = {
			isa = PBXGroup;
			children = (
				2B3014FD235F312D002AA52F /* ChuckNorrisTests.swift */,
				2B3014FF235F312D002AA52F /* Info.plist */,
			);
			path = ChuckNorrisTests;
			sourceTree = "<group>";
		};
		2B301507235F312D002AA52F /* ChuckNorrisUITests */ = {
			isa = PBXGroup;
			children = (
				2B301508235F312D002AA52F /* ChuckNorrisUITests.swift */,
				2B30150A235F312D002AA52F /* Info.plist */,
			);
			path = ChuckNorrisUITests;
			sourceTree = "<group>";
		};
		2B30151C235F4543002AA52F /* FirstView */ = {
			isa = PBXGroup;
			children = (
				2B3014EA235F312A002AA52F /* ContentView.swift */,
				2B301516235F383B002AA52F /* CircleImage.swift */,
				2B301518235F3AA1002AA52F /* MapView.swift */,
			);
			path = FirstView;
			sourceTree = "<group>";
		};
		2B301523235F4800002AA52F /* Model */ = {
			isa = PBXGroup;
			children = (
				2B301521235F47FD002AA52F /* Data.swift */,
				2B301527235F4EA7002AA52F /* Category.swift */,
			);
			path = Model;
			sourceTree = "<group>";
		};
		2B301524235F4809002AA52F /* AppStartup */ = {
			isa = PBXGroup;
			children = (
				2B3014E6235F312A002AA52F /* AppDelegate.swift */,
				2B3014E8235F312A002AA52F /* SceneDelegate.swift */,
			);
			path = AppStartup;
			sourceTree = "<group>";
		};
		2B301529235F6723002AA52F /* ListCategory */ = {
			isa = PBXGroup;
			children = (
				2B30151D235F4574002AA52F /* CategoryRow.swift */,
				2B301525235F4BED002AA52F /* CategoryList.swift */,
			);
			path = ListCategory;
			sourceTree = "<group>";
		};
/* End PBXGroup section */

/* Begin PBXNativeTarget section */
		2B3014E2235F312A002AA52F /* ChuckNorris */ = {
			isa = PBXNativeTarget;
			buildConfigurationList = 2B30150D235F312D002AA52F /* Build configuration list for PBXNativeTarget "ChuckNorris" */;
			buildPhases = (
				2B3014DF235F312A002AA52F /* Sources */,
				2B3014E0235F312A002AA52F /* Frameworks */,
				2B3014E1235F312A002AA52F /* Resources */,
			);
			buildRules = (
			);
			dependencies = (
			);
			name = ChuckNorris;
			productName = ChuckNorris;
			productReference = 2B3014E3235F312A002AA52F /* ChuckNorris.app */;
			productType = "com.apple.product-type.application";
		};
		2B3014F8235F312D002AA52F /* ChuckNorrisTests */ = {
			isa = PBXNativeTarget;
			buildConfigurationList = 2B301510235F312D002AA52F /* Build configuration list for PBXNativeTarget "ChuckNorrisTests" */;
			buildPhases = (
				2B3014F5235F312D002AA52F /* Sources */,
				2B3014F6235F312D002AA52F /* Frameworks */,
				2B3014F7235F312D002AA52F /* Resources */,
			);
			buildRules = (
			);
			dependencies = (
				2B3014FB235F312D002AA52F /* PBXTargetDependency */,
			);
			name = ChuckNorrisTests;
			productName = ChuckNorrisTests;
			productReference = 2B3014F9235F312D002AA52F /* ChuckNorrisTests.xctest */;
			productType = "com.apple.product-type.bundle.unit-test";
		};
		2B301503235F312D002AA52F /* ChuckNorrisUITests */ = {
			isa = PBXNativeTarget;
			buildConfigurationList = 2B301513235F312D002AA52F /* Build configuration list for PBXNativeTarget "ChuckNorrisUITests" */;
			buildPhases = (
				2B301500235F312D002AA52F /* Sources */,
				2B301501235F312D002AA52F /* Frameworks */,
				2B301502235F312D002AA52F /* Resources */,
			);
			buildRules = (
			);
			dependencies = (
				2B301506235F312D002AA52F /* PBXTargetDependency */,
			);
			name = ChuckNorrisUITests;
			productName = ChuckNorrisUITests;
			productReference = 2B301504235F312D002AA52F /* ChuckNorrisUITests.xctest */;
			productType = "com.apple.product-type.bundle.ui-testing";
		};
/* End PBXNativeTarget section */

/* Begin PBXProject section */
		2B3014DB235F312A002AA52F /* Project object */ = {
			isa = PBXProject;
			attributes = {
				LastSwiftUpdateCheck = 1110;
				LastUpgradeCheck = 1110;
				ORGANIZATIONNAME = "Bruno Faganello Neto";
				TargetAttributes = {
					2B3014E2235F312A002AA52F = {
						CreatedOnToolsVersion = 11.1;
					};
					2B3014F8235F312D002AA52F = {
						CreatedOnToolsVersion = 11.1;
						TestTargetID = 2B3014E2235F312A002AA52F;
					};
					2B301503235F312D002AA52F = {
						CreatedOnToolsVersion = 11.1;
						TestTargetID = 2B3014E2235F312A002AA52F;
					};
				};
			};
			buildConfigurationList = 2B3014DE235F312A002AA52F /* Build configuration list for PBXProject "ChuckNorris" */;
			compatibilityVersion = "Xcode 9.3";
			developmentRegion = en;
			hasScannedForEncodings = 0;
			knownRegions = (
				en,
				Base,
			);
			mainGroup = 2B3014DA235F312A002AA52F;
			productRefGroup = 2B3014E4235F312A002AA52F /* Products */;
			projectDirPath = "";
			projectRoot = "";
			targets = (
				2B3014E2235F312A002AA52F /* ChuckNorris */,
				2B3014F8235F312D002AA52F /* ChuckNorrisTests */,
				2B301503235F312D002AA52F /* ChuckNorrisUITests */,
			);
		};
/* End PBXProject section */

/* Begin PBXResourcesBuildPhase section */
		2B3014E1235F312A002AA52F /* Resources */ = {
			isa = PBXResourcesBuildPhase;
			buildActionMask = 2147483647;
			files = (
				2B3014F3235F312D002AA52F /* LaunchScreen.storyboard in Resources */,
				2B30151B235F4451002AA52F /* categoryData.json in Resources */,
				2B3014F0235F312D002AA52F /* Preview Assets.xcassets in Resources */,
				2B3014ED235F312D002AA52F /* Assets.xcassets in Resources */,
			);
			runOnlyForDeploymentPostprocessing = 0;
		};
		2B3014F7235F312D002AA52F /* Resources */ = {
			isa = PBXResourcesBuildPhase;
			buildActionMask = 2147483647;
			files = (
			);
			runOnlyForDeploymentPostprocessing = 0;
		};
		2B301502235F312D002AA52F /* Resources */ = {
			isa = PBXResourcesBuildPhase;
			buildActionMask = 2147483647;
			files = (
			);
			runOnlyForDeploymentPostprocessing = 0;
		};
/* End PBXResourcesBuildPhase section */

/* Begin PBXSourcesBuildPhase section */
		2B3014DF235F312A002AA52F /* Sources */ = {
			isa = PBXSourcesBuildPhase;
			buildActionMask = 2147483647;
			files = (
				2B3014E7235F312A002AA52F /* AppDelegate.swift in Sources */,
				2B301517235F383B002AA52F /* CircleImage.swift in Sources */,
				2B301519235F3AA1002AA52F /* MapView.swift in Sources */,
				2B3014E9235F312A002AA52F /* SceneDelegate.swift in Sources */,
				2B30151E235F4574002AA52F /* CategoryRow.swift in Sources */,
				2B301528235F4EA7002AA52F /* Category.swift in Sources */,
				2B3014EB235F312A002AA52F /* ContentView.swift in Sources */,
				2B301522235F47FD002AA52F /* Data.swift in Sources */,
				2B301526235F4BED002AA52F /* CategoryList.swift in Sources */,
			);
			runOnlyForDeploymentPostprocessing = 0;
		};
		2B3014F5235F312D002AA52F /* Sources */ = {
			isa = PBXSourcesBuildPhase;
			buildActionMask = 2147483647;
			files = (
				2B3014FE235F312D002AA52F /* ChuckNorrisTests.swift in Sources */,
			);
			runOnlyForDeploymentPostprocessing = 0;
		};
		2B301500235F312D002AA52F /* Sources */ = {
			isa = PBXSourcesBuildPhase;
			buildActionMask = 2147483647;
			files = (
				2B301509235F312D002AA52F /* ChuckNorrisUITests.swift in Sources */,
			);
			runOnlyForDeploymentPostprocessing = 0;
		};
/* End PBXSourcesBuildPhase section */

/* Begin PBXTargetDependency section */
		2B3014FB235F312D002AA52F /* PBXTargetDependency */ = {
			isa = PBXTargetDependency;
			target = 2B3014E2235F312A002AA52F /* ChuckNorris */;
			targetProxy = 2B3014FA235F312D002AA52F /* PBXContainerItemProxy */;
		};
		2B301506235F312D002AA52F /* PBXTargetDependency */ = {
			isa = PBXTargetDependency;
			target = 2B3014E2235F312A002AA52F /* ChuckNorris */;
			targetProxy = 2B301505235F312D002AA52F /* PBXContainerItemProxy */;
		};
/* End PBXTargetDependency section */

/* Begin PBXVariantGroup section */
		2B3014F1235F312D002AA52F /* LaunchScreen.storyboard */ = {
			isa = PBXVariantGroup;
			children = (
				2B3014F2235F312D002AA52F /* Base */,
			);
			name = LaunchScreen.storyboard;
			sourceTree = "<group>";
		};
/* End PBXVariantGroup section */

/* Begin XCBuildConfiguration section */
		2B30150B235F312D002AA52F /* Debug */ = {
			isa = XCBuildConfiguration;
			buildSettings = {
				ALWAYS_SEARCH_USER_PATHS = NO;
				CLANG_ANALYZER_NONNULL = YES;
				CLANG_ANALYZER_NUMBER_OBJECT_CONVERSION = YES_AGGRESSIVE;
				CLANG_CXX_LANGUAGE_STANDARD = "gnu++14";
				CLANG_CXX_LIBRARY = "libc++";
				CLANG_ENABLE_MODULES = YES;
				CLANG_ENABLE_OBJC_ARC = YES;
				CLANG_ENABLE_OBJC_WEAK = YES;
				CLANG_WARN_BLOCK_CAPTURE_AUTORELEASING = YES;
				CLANG_WARN_BOOL_CONVERSION = YES;
				CLANG_WARN_COMMA = YES;
				CLANG_WARN_CONSTANT_CONVERSION = YES;
				CLANG_WARN_DEPRECATED_OBJC_IMPLEMENTATIONS = YES;
				CLANG_WARN_DIRECT_OBJC_ISA_USAGE = YES_ERROR;
				CLANG_WARN_DOCUMENTATION_COMMENTS = YES;
				CLANG_WARN_EMPTY_BODY = YES;
				CLANG_WARN_ENUM_CONVERSION = YES;
				CLANG_WARN_INFINITE_RECURSION = YES;
				CLANG_WARN_INT_CONVERSION = YES;
				CLANG_WARN_NON_LITERAL_NULL_CONVERSION = YES;
				CLANG_WARN_OBJC_IMPLICIT_RETAIN_SELF = YES;
				CLANG_WARN_OBJC_LITERAL_CONVERSION = YES;
				CLANG_WARN_OBJC_ROOT_CLASS = YES_ERROR;
				CLANG_WARN_RANGE_LOOP_ANALYSIS = YES;
				CLANG_WARN_STRICT_PROTOTYPES = YES;
				CLANG_WARN_SUSPICIOUS_MOVE = YES;
				CLANG_WARN_UNGUARDED_AVAILABILITY = YES_AGGRESSIVE;
				CLANG_WARN_UNREACHABLE_CODE = YES;
				CLANG_WARN__DUPLICATE_METHOD_MATCH = YES;
				COPY_PHASE_STRIP = NO;
				DEBUG_INFORMATION_FORMAT = dwarf;
				ENABLE_STRICT_OBJC_MSGSEND = YES;
				ENABLE_TESTABILITY = YES;
				GCC_C_LANGUAGE_STANDARD = gnu11;
				GCC_DYNAMIC_NO_PIC = NO;
				GCC_NO_COMMON_BLOCKS = YES;
				GCC_OPTIMIZATION_LEVEL = 0;
				GCC_PREPROCESSOR_DEFINITIONS = (
					"DEBUG=1",
					"$(inherited)",
				);
				GCC_WARN_64_TO_32_BIT_CONVERSION = YES;
				GCC_WARN_ABOUT_RETURN_TYPE = YES_ERROR;
				GCC_WARN_UNDECLARED_SELECTOR = YES;
				GCC_WARN_UNINITIALIZED_AUTOS = YES_AGGRESSIVE;
				GCC_WARN_UNUSED_FUNCTION = YES;
				GCC_WARN_UNUSED_VARIABLE = YES;
				IPHONEOS_DEPLOYMENT_TARGET = 13.1;
				MTL_ENABLE_DEBUG_INFO = INCLUDE_SOURCE;
				MTL_FAST_MATH = YES;
				ONLY_ACTIVE_ARCH = YES;
				SDKROOT = iphoneos;
				SWIFT_ACTIVE_COMPILATION_CONDITIONS = DEBUG;
				SWIFT_OPTIMIZATION_LEVEL = "-Onone";
			};
			name = Debug;
		};
		2B30150C235F312D002AA52F /* Release */ = {
			isa = XCBuildConfiguration;
			buildSettings = {
				ALWAYS_SEARCH_USER_PATHS = NO;
				CLANG_ANALYZER_NONNULL = YES;
				CLANG_ANALYZER_NUMBER_OBJECT_CONVERSION = YES_AGGRESSIVE;
				CLANG_CXX_LANGUAGE_STANDARD = "gnu++14";
				CLANG_CXX_LIBRARY = "libc++";
				CLANG_ENABLE_MODULES = YES;
				CLANG_ENABLE_OBJC_ARC = YES;
				CLANG_ENABLE_OBJC_WEAK = YES;
				CLANG_WARN_BLOCK_CAPTURE_AUTORELEASING = YES;
				CLANG_WARN_BOOL_CONVERSION = YES;
				CLANG_WARN_COMMA = YES;
				CLANG_WARN_CONSTANT_CONVERSION = YES;
				CLANG_WARN_DEPRECATED_OBJC_IMPLEMENTATIONS = YES;
				CLANG_WARN_DIRECT_OBJC_ISA_USAGE = YES_ERROR;
				CLANG_WARN_DOCUMENTATION_COMMENTS = YES;
				CLANG_WARN_EMPTY_BODY = YES;
				CLANG_WARN_ENUM_CONVERSION = YES;
				CLANG_WARN_INFINITE_RECURSION = YES;
				CLANG_WARN_INT_CONVERSION = YES;
				CLANG_WARN_NON_LITERAL_NULL_CONVERSION = YES;
				CLANG_WARN_OBJC_IMPLICIT_RETAIN_SELF = YES;
				CLANG_WARN_OBJC_LITERAL_CONVERSION = YES;
				CLANG_WARN_OBJC_ROOT_CLASS = YES_ERROR;
				CLANG_WARN_RANGE_LOOP_ANALYSIS = YES;
				CLANG_WARN_STRICT_PROTOTYPES = YES;
				CLANG_WARN_SUSPICIOUS_MOVE = YES;
				CLANG_WARN_UNGUARDED_AVAILABILITY = YES_AGGRESSIVE;
				CLANG_WARN_UNREACHABLE_CODE = YES;
				CLANG_WARN__DUPLICATE_METHOD_MATCH = YES;
				COPY_PHASE_STRIP = NO;
				DEBUG_INFORMATION_FORMAT = "dwarf-with-dsym";
				ENABLE_NS_ASSERTIONS = NO;
				ENABLE_STRICT_OBJC_MSGSEND = YES;
				GCC_C_LANGUAGE_STANDARD = gnu11;
				GCC_NO_COMMON_BLOCKS = YES;
				GCC_WARN_64_TO_32_BIT_CONVERSION = YES;
				GCC_WARN_ABOUT_RETURN_TYPE = YES_ERROR;
				GCC_WARN_UNDECLARED_SELECTOR = YES;
				GCC_WARN_UNINITIALIZED_AUTOS = YES_AGGRESSIVE;
				GCC_WARN_UNUSED_FUNCTION = YES;
				GCC_WARN_UNUSED_VARIABLE = YES;
				IPHONEOS_DEPLOYMENT_TARGET = 13.1;
				MTL_ENABLE_DEBUG_INFO = NO;
				MTL_FAST_MATH = YES;
				SDKROOT = iphoneos;
				SWIFT_COMPILATION_MODE = wholemodule;
				SWIFT_OPTIMIZATION_LEVEL = "-O";
				VALIDATE_PRODUCT = YES;
			};
			name = Release;
		};
		2B30150E235F312D002AA52F /* Debug */ = {
			isa = XCBuildConfiguration;
			buildSettings = {
				ASSETCATALOG_COMPILER_APPICON_NAME = AppIcon;
				CODE_SIGN_STYLE = Automatic;
				DEVELOPMENT_ASSET_PATHS = "\"ChuckNorris/Preview Content\"";
				ENABLE_PREVIEWS = YES;
				INFOPLIST_FILE = ChuckNorris/Info.plist;
				LD_RUNPATH_SEARCH_PATHS = (
					"$(inherited)",
					"@executable_path/Frameworks",
				);
				PRODUCT_BUNDLE_IDENTIFIER = Faganello.ChuckNorris;
				PRODUCT_NAME = "$(TARGET_NAME)";
				SWIFT_VERSION = 5.0;
				TARGETED_DEVICE_FAMILY = "1,2";
			};
			name = Debug;
		};
		2B30150F235F312D002AA52F /* Release */ = {
			isa = XCBuildConfiguration;
			buildSettings = {
				ASSETCATALOG_COMPILER_APPICON_NAME = AppIcon;
				CODE_SIGN_STYLE = Automatic;
				DEVELOPMENT_ASSET_PATHS = "\"ChuckNorris/Preview Content\"";
				ENABLE_PREVIEWS = YES;
				INFOPLIST_FILE = ChuckNorris/Info.plist;
				LD_RUNPATH_SEARCH_PATHS = (
					"$(inherited)",
					"@executable_path/Frameworks",
				);
				PRODUCT_BUNDLE_IDENTIFIER = Faganello.ChuckNorris;
				PRODUCT_NAME = "$(TARGET_NAME)";
				SWIFT_VERSION = 5.0;
				TARGETED_DEVICE_FAMILY = "1,2";
			};
			name = Release;
		};
		2B301511235F312D002AA52F /* Debug */ = {
			isa = XCBuildConfiguration;
			buildSettings = {
				ALWAYS_EMBED_SWIFT_STANDARD_LIBRARIES = YES;
				BUNDLE_LOADER = "$(TEST_HOST)";
				CODE_SIGN_STYLE = Automatic;
				INFOPLIST_FILE = ChuckNorrisTests/Info.plist;
				IPHONEOS_DEPLOYMENT_TARGET = 13.1;
				LD_RUNPATH_SEARCH_PATHS = (
					"$(inherited)",
					"@executable_path/Frameworks",
					"@loader_path/Frameworks",
				);
				PRODUCT_BUNDLE_IDENTIFIER = Faganello.ChuckNorrisTests;
				PRODUCT_NAME = "$(TARGET_NAME)";
				SWIFT_VERSION = 5.0;
				TARGETED_DEVICE_FAMILY = "1,2";
				TEST_HOST = "$(BUILT_PRODUCTS_DIR)/ChuckNorris.app/ChuckNorris";
			};
			name = Debug;
		};
		2B301512235F312D002AA52F /* Release */ = {
			isa = XCBuildConfiguration;
			buildSettings = {
				ALWAYS_EMBED_SWIFT_STANDARD_LIBRARIES = YES;
				BUNDLE_LOADER = "$(TEST_HOST)";
				CODE_SIGN_STYLE = Automatic;
				INFOPLIST_FILE = ChuckNorrisTests/Info.plist;
				IPHONEOS_DEPLOYMENT_TARGET = 13.1;
				LD_RUNPATH_SEARCH_PATHS = (
					"$(inherited)",
					"@executable_path/Frameworks",
					"@loader_path/Frameworks",
				);
				PRODUCT_BUNDLE_IDENTIFIER = Faganello.ChuckNorrisTests;
				PRODUCT_NAME = "$(TARGET_NAME)";
				SWIFT_VERSION = 5.0;
				TARGETED_DEVICE_FAMILY = "1,2";
				TEST_HOST = "$(BUILT_PRODUCTS_DIR)/ChuckNorris.app/ChuckNorris";
			};
			name = Release;
		};
		2B301514235F312D002AA52F /* Debug */ = {
			isa = XCBuildConfiguration;
			buildSettings = {
				ALWAYS_EMBED_SWIFT_STANDARD_LIBRARIES = YES;
				CODE_SIGN_STYLE = Automatic;
				INFOPLIST_FILE = ChuckNorrisUITests/Info.plist;
				LD_RUNPATH_SEARCH_PATHS = (
					"$(inherited)",
					"@executable_path/Frameworks",
					"@loader_path/Frameworks",
				);
				PRODUCT_BUNDLE_IDENTIFIER = Faganello.ChuckNorrisUITests;
				PRODUCT_NAME = "$(TARGET_NAME)";
				SWIFT_VERSION = 5.0;
				TARGETED_DEVICE_FAMILY = "1,2";
				TEST_TARGET_NAME = ChuckNorris;
			};
			name = Debug;
		};
		2B301515235F312D002AA52F /* Release */ = {
			isa = XCBuildConfiguration;
			buildSettings = {
				ALWAYS_EMBED_SWIFT_STANDARD_LIBRARIES = YES;
				CODE_SIGN_STYLE = Automatic;
				INFOPLIST_FILE = ChuckNorrisUITests/Info.plist;
				LD_RUNPATH_SEARCH_PATHS = (
					"$(inherited)",
					"@executable_path/Frameworks",
					"@loader_path/Frameworks",
				);
				PRODUCT_BUNDLE_IDENTIFIER = Faganello.ChuckNorrisUITests;
				PRODUCT_NAME = "$(TARGET_NAME)";
				SWIFT_VERSION = 5.0;
				TARGETED_DEVICE_FAMILY = "1,2";
				TEST_TARGET_NAME = ChuckNorris;
			};
			name = Release;
		};
/* End XCBuildConfiguration section */

/* Begin XCConfigurationList section */
		2B3014DE235F312A002AA52F /* Build configuration list for PBXProject "ChuckNorris" */ = {
			isa = XCConfigurationList;
			buildConfigurations = (
				2B30150B235F312D002AA52F /* Debug */,
				2B30150C235F312D002AA52F /* Release */,
			);
			defaultConfigurationIsVisible = 0;
			defaultConfigurationName = Release;
		};
		2B30150D235F312D002AA52F /* Build configuration list for PBXNativeTarget "ChuckNorris" */ = {
			isa = XCConfigurationList;
			buildConfigurations = (
				2B30150E235F312D002AA52F /* Debug */,
				2B30150F235F312D002AA52F /* Release */,
			);
			defaultConfigurationIsVisible = 0;
			defaultConfigurationName = Release;
		};
		2B301510235F312D002AA52F /* Build configuration list for PBXNativeTarget "ChuckNorrisTests" */ = {
			isa = XCConfigurationList;
			buildConfigurations = (
				2B301511235F312D002AA52F /* Debug */,
				2B301512235F312D002AA52F /* Release */,
			);
			defaultConfigurationIsVisible = 0;
			defaultConfigurationName = Release;
		};
		2B301513235F312D002AA52F /* Build configuration list for PBXNativeTarget "ChuckNorrisUITests" */ = {
			isa = XCConfigurationList;
			buildConfigurations = (
				2B301514235F312D002AA52F /* Debug */,
				2B301515235F312D002AA52F /* Release */,
			);
			defaultConfigurationIsVisible = 0;
			defaultConfigurationName = Release;
		};
/* End XCConfigurationList section */
	};
	rootObject = 2B3014DB235F312A002AA52F /* Project object */;
}
